
Microsoft Visual Studio Solution File, Format Version 12.00
# Visual Studio Version 16
VisualStudioVersion = 16.0.29519.87
MinimumVisualStudioVersion = 10.0.40219.1
Project("{FAE04EC0-301F-11D3-BF4B-00C04F79EFBC}") = "ESConsumer", "ESConsumer.csproj", "{783F05FB-EAE0-44A1-9D21-9383320FCE71}"
EndProject
Global
	GlobalSection(SolutionConfigurationPlatforms) = preSolution
		Debug|Any CPU = Debug|Any CPU
		Release|Any CPU = Release|Any CPU
	EndGlobalSection
	GlobalSection(ProjectConfigurationPlatforms) = postSolution
		{783F05FB-EAE0-44A1-9D21-9383320FCE71}.Debug|Any CPU.ActiveCfg = Debug|Any CPU
		{783F05FB-EAE0-44A1-9D21-9383320FCE71}.Debug|Any CPU.Build.0 = Debug|Any CPU
		{783F05FB-EAE0-44A1-9D21-9383320FCE71}.Release|Any CPU.ActiveCfg = Release|Any CPU
		{783F05FB-EAE0-44A1-9D21-9383320FCE71}.Release|Any CPU.Build.0 = Release|Any CPU
	EndGlobalSection
	GlobalSection(SolutionProperties) = preSolution
		HideSolutionNode = FALSE
	EndGlobalSection
	GlobalSection(ExtensibilityGlobals) = postSolution
		SolutionGuid = {2A21CB05-33A9-45A4-84B2-4184BB5974E8}
	EndGlobalSection
EndGlobal
